
Microsoft Visual Studio Solution File, Format Version 12.00
# Visual Studio Version 17
VisualStudioVersion = 17.2.32630.192
MinimumVisualStudioVersion = 10.0.40219.1
Project("{2150E333-8FDC-42A3-9474-1A3956D46DE8}") = "API", "API", "{5114EDE7-3AEF-47AC-B17A-293857EFA36B}"
EndProject
Project("{FAE04EC0-301F-11D3-BF4B-00C04F79EFBC}") = "CQRS.API", "CQRS.API\CQRS.API.csproj", "{55FAC956-6651-4FE2-855D-FD4CE7AA4210}"
EndProject
Project("{2150E333-8FDC-42A3-9474-1A3956D46DE8}") = "Data", "Data", "{72300042-EF8E-4525-97CE-76A773938616}"
EndProject
Project("{FAE04EC0-301F-11D3-BF4B-00C04F79EFBC}") = "CQRS.Data", "CQRS.Data\CQRS.Data.csproj", "{8B265906-20DD-441F-8D23-F57CC43101EF}"
EndProject
Project("{2150E333-8FDC-42A3-9474-1A3956D46DE8}") = "Application", "Application", "{C34FDA8C-7986-47FF-A147-BD1F95C25BE2}"
EndProject
Project("{FAE04EC0-301F-11D3-BF4B-00C04F79EFBC}") = "CQRS.Application", "CQRS.Application\CQRS.Application.csproj", "{3EA4EFCD-76C1-471E-993A-6A6538EE613E}"
EndProject
Global
	GlobalSection(SolutionConfigurationPlatforms) = preSolution
		Debug|Any CPU = Debug|Any CPU
		Release|Any CPU = Release|Any CPU
	EndGlobalSection
	GlobalSection(ProjectConfigurationPlatforms) = postSolution
		{55FAC956-6651-4FE2-855D-FD4CE7AA4210}.Debug|Any CPU.ActiveCfg = Debug|Any CPU
		{55FAC956-6651-4FE2-855D-FD4CE7AA4210}.Debug|Any CPU.Build.0 = Debug|Any CPU
		{55FAC956-6651-4FE2-855D-FD4CE7AA4210}.Release|Any CPU.ActiveCfg = Release|Any CPU
		{55FAC956-6651-4FE2-855D-FD4CE7AA4210}.Release|Any CPU.Build.0 = Release|Any CPU
		{8B265906-20DD-441F-8D23-F57CC43101EF}.Debug|Any CPU.ActiveCfg = Debug|Any CPU
		{8B265906-20DD-441F-8D23-F57CC43101EF}.Debug|Any CPU.Build.0 = Debug|Any CPU
		{8B265906-20DD-441F-8D23-F57CC43101EF}.Release|Any CPU.ActiveCfg = Release|Any CPU
		{8B265906-20DD-441F-8D23-F57CC43101EF}.Release|Any CPU.Build.0 = Release|Any CPU
		{3EA4EFCD-76C1-471E-993A-6A6538EE613E}.Debug|Any CPU.ActiveCfg = Debug|Any CPU
		{3EA4EFCD-76C1-471E-993A-6A6538EE613E}.Debug|Any CPU.Build.0 = Debug|Any CPU
		{3EA4EFCD-76C1-471E-993A-6A6538EE613E}.Release|Any CPU.ActiveCfg = Release|Any CPU
		{3EA4EFCD-76C1-471E-993A-6A6538EE613E}.Release|Any CPU.Build.0 = Release|Any CPU
	EndGlobalSection
	GlobalSection(SolutionProperties) = preSolution
		HideSolutionNode = FALSE
	EndGlobalSection
	GlobalSection(NestedProjects) = preSolution
		{55FAC956-6651-4FE2-855D-FD4CE7AA4210} = {5114EDE7-3AEF-47AC-B17A-293857EFA36B}
		{8B265906-20DD-441F-8D23-F57CC43101EF} = {72300042-EF8E-4525-97CE-76A773938616}
		{3EA4EFCD-76C1-471E-993A-6A6538EE613E} = {C34FDA8C-7986-47FF-A147-BD1F95C25BE2}
	EndGlobalSection
	GlobalSection(ExtensibilityGlobals) = postSolution
		SolutionGuid = {5CCAFB67-4CF9-4DAE-86E9-4DEC19F60257}
	EndGlobalSection
EndGlobal
